
Microsoft Visual Studio Solution File, Format Version 12.00
# Visual Studio Version 16
VisualStudioVersion = 16.0.31729.503
MinimumVisualStudioVersion = 10.0.40219.1
Project("{FAE04EC0-301F-11D3-BF4B-00C04F79EFBC}") = "Blog du lịch", "Blog du lịch\Blog du lịch.csproj", "{950F43D6-E343-45BB-8894-D23FE8DBF560}"
EndProject
Global
	GlobalSection(SolutionConfigurationPlatforms) = preSolution
		Debug|Any CPU = Debug|Any CPU
		Release|Any CPU = Release|Any CPU
	EndGlobalSection
	GlobalSection(ProjectConfigurationPlatforms) = postSolution
		{950F43D6-E343-45BB-8894-D23FE8DBF560}.Debug|Any CPU.ActiveCfg = Debug|Any CPU
		{950F43D6-E343-45BB-8894-D23FE8DBF560}.Debug|Any CPU.Build.0 = Debug|Any CPU
		{950F43D6-E343-45BB-8894-D23FE8DBF560}.Release|Any CPU.ActiveCfg = Release|Any CPU
		{950F43D6-E343-45BB-8894-D23FE8DBF560}.Release|Any CPU.Build.0 = Release|Any CPU
	EndGlobalSection
	GlobalSection(SolutionProperties) = preSolution
		HideSolutionNode = FALSE
	EndGlobalSection
	GlobalSection(ExtensibilityGlobals) = postSolution
		SolutionGuid = {41D2626C-F540-40AB-8701-D9B324051751}
	EndGlobalSection
EndGlobal
